<?xml version="1.0" encoding="utf-8"?>
<Project ToolsVersion="4.0" xmlns="http://schemas.microsoft.com/developer/msbuild/2003">
  <ItemGroup>
    <Filter Include="Header Files">
      <UniqueIdentifier>{93995380-89BD-4b04-88EB-625FBE52EBFB}</UniqueIdentifier>
      <Extensions>h;hh;hpp;hxx;h++;hm;inl;inc;ipp;xsd</Extensions>
    </Filter>
    <Filter Include="Source Files">
      <UniqueIdentifier>{4FC737F1-C7A5-4376-A066-2A32D752A2FF}</UniqueIdentifier>
      <Extensions>cpp;c;cc;cxx;c++;cppm;ixx;def;odl;idl;hpj;bat;asm;asmx</Extensions>
    </Filter>
    <Filter Include="Header Files\core">
      <UniqueIdentifier>{47f71367-8aa0-4442-80b6-def2bfb48f99}</UniqueIdentifier>
    </Filter>
    <Filter Include="Source Files\core">
      <UniqueIdentifier>{eff5046d-7f57-4294-9609-a12be4b9eb7a}</UniqueIdentifier>
    </Filter>
    <Filter Include="Header Files\audio">
      <UniqueIdentifier>{4f609412-dad3-45ab-acb2-f7d36b80bcc6}</UniqueIdentifier>
    </Filter>
    <Filter Include="Source Files\audio">
      <UniqueIdentifier>{568406b4-8e5d-49ef-90ca-7cffc6d78b21}</UniqueIdentifier>
    </Filter>
    <Filter Include="Header Files\playback">
      <UniqueIdentifier>{4f60825f-4a89-4d93-b33f-73c2873f0764}</UniqueIdentifier>
    </Filter>
    <Filter Include="Source Files\playback">
      <UniqueIdentifier>{160b6e6d-568c-4c0b-8b72-3ee980b14e56}</UniqueIdentifier>
    </Filter>
    <Filter Include="Header Files\mixer">
      <UniqueIdentifier>{4f60825f-4a89-4d93-b33f-73c2873f0765}</UniqueIdentifier>
    </Filter>
    <Filter Include="Source Files\mixer">
      <UniqueIdentifier>{160b6e6d-568c-4c0b-8b72-3ee980b14e57}</UniqueIdentifier>
    </Filter>
    <Filter Include="Header Files\dsp">
      <UniqueIdentifier>{4f60825f-4a89-4d93-b33f-73c2873f0766}</UniqueIdentifier>
    </Filter>
    <Filter Include="Source Files\dsp">
      <UniqueIdentifier>{160b6e6d-568c-4c0b-8b72-3ee980b14e58}</UniqueIdentifier>
    </Filter>
    <Filter Include="Header Files\nodes">
      <UniqueIdentifier>{4f60825f-4a89-4d93-b33f-73c2873f0767}</UniqueIdentifier>
    </Filter>
    <Filter Include="Source Files\nodes">
      <UniqueIdentifier>{160b6e6d-568c-4c0b-8b72-3ee980b14e59}</UniqueIdentifier>
    </Filter>
    <Filter Include="Header Files\editor">
      <UniqueIdentifier>{26404aeb-255d-46fa-a2e0-b97982fbf9c7}</UniqueIdentifier>
    </Filter>
    <Filter Include="Source Files\editor">
      <UniqueIdentifier>{20c9d372-f92a-4997-8e31-8d1184ecfbcc}</UniqueIdentifier>
    </Filter>
    <Filter Include="Source Files\geometry">
      <UniqueIdentifier>{f362e116-3cd8-4fc5-9d52-0681259289ca}</UniqueIdentifier>
    </Filter>
    <Filter Include="Header Files\geometry">
      <UniqueIdentifier>{c6d971ec-342f-4593-89fb-5495e2c8b712}</UniqueIdentifier>
    </Filter>
    <Filter Include="Header Files\spatial">
      <UniqueIdentifier>{851ea35e-909b-404a-875c-eb8bf34e7dc1}</UniqueIdentifier>
    </Filter>
    <Filter Include="Source Files\spatial">
      <UniqueIdentifier>{5d392228-a08e-422d-9ed4-bcd50be01bab}</UniqueIdentifier>
    </Filter>
  </ItemGroup>
  <ItemGroup>
    <ClInclude Include="src\core\fmod_server.h">
      <Filter>Header Files\core</Filter>
    </ClInclude>
    <ClInclude Include="src\core\fmod_system.h">
      <Filter>Header Files\core</Filter>
    </ClInclude>
    <ClInclude Include="src\core\fmod_utils.hpp">
      <Filter>Header Files\core</Filter>
    </ClInclude>
    <ClInclude Include="src\audio\fmod_sound.h">
      <Filter>Header Files\audio</Filter>
    </ClInclude>
    <ClInclude Include="src\audio\fmod_audio_stream.h">
      <Filter>Header Files\audio</Filter>
    </ClInclude>
    <ClInclude Include="src\playback\fmod_channel.h">
      <Filter>Header Files\playback</Filter>
    </ClInclude>
    <ClInclude Include="src\playback\fmod_channel_group.h">
      <Filter>Header Files\playback</Filter>
    </ClInclude>
    <ClInclude Include="src\playback\fmod_channel_control.h">
      <Filter>Header Files\playback</Filter>
    </ClInclude>
    <ClInclude Include="src\mixer\fmod_audio_bus.h">
      <Filter>Header Files\mixer</Filter>
    </ClInclude>
    <ClInclude Include="src\mixer\fmod_audio_bus_layout.h">
      <Filter>Header Files\mixer</Filter>
    </ClInclude>
    <ClInclude Include="src\dsp\fmod_dsp.h">
      <Filter>Header Files\dsp</Filter>
    </ClInclude>
    <ClInclude Include="src\dsp\fmod_dsp_connection.h">
      <Filter>Header Files\dsp</Filter>
    </ClInclude>
    <ClInclude Include="src\dsp\fmod_audio_effect.h">
      <Filter>Header Files\dsp</Filter>
    </ClInclude>
    <ClInclude Include="src\dsp\fmod_audio_effect_distortion.h">
      <Filter>Header Files\dsp</Filter>
    </ClInclude>
    <ClInclude Include="src\nodes\fmod_audio_stream_player.h">
      <Filter>Header Files\nodes</Filter>
    </ClInclude>
    <ClInclude Include="src\nodes\fmod_audio_sample_emitter.h">
      <Filter>Header Files\nodes</Filter>
    </ClInclude>
    <ClInclude Include="src\core\register_types.h">
      <Filter>Header Files\core</Filter>
    </ClInclude>
    <ClInclude Include="src\dsp\fmod_audio_effect_amplify.h">
      <Filter>Header Files\dsp</Filter>
    </ClInclude>
    <ClInclude Include="src\dsp\fmod_audio_effect_filter.h">
      <Filter>Header Files\dsp</Filter>
    </ClInclude>
    <ClInclude Include="src\dsp\fmod_audio_effect_capture.h">
      <Filter>Header Files\dsp</Filter>
    </ClInclude>
    <ClInclude Include="src\dsp\fmod_audio_effect_chorus.h">
      <Filter>Header Files\dsp</Filter>
    </ClInclude>
    <ClInclude Include="src\dsp\fmod_audio_effect_compressor.h">
      <Filter>Header Files\dsp</Filter>
    </ClInclude>
    <ClInclude Include="src\dsp\fmod_audio_effect_delay.h">
      <Filter>Header Files\dsp</Filter>
    </ClInclude>
    <ClInclude Include="src\dsp\fmod_audio_effect_eq.h">
      <Filter>Header Files\dsp</Filter>
    </ClInclude>
    <ClInclude Include="src\dsp\fmod_audio_effect_hard_limiter.h">
      <Filter>Header Files\dsp</Filter>
    </ClInclude>
    <ClInclude Include="src\dsp\fmod_audio_effect_panner.h">
      <Filter>Header Files\dsp</Filter>
    </ClInclude>
    <ClInclude Include="src\dsp\fmod_audio_effect_phaser.h">
      <Filter>Header Files\dsp</Filter>
    </ClInclude>
    <ClInclude Include="src\dsp\fmod_audio_effect_pitch_shift.h">
      <Filter>Header Files\dsp</Filter>
    </ClInclude>
    <ClInclude Include="src\dsp\fmod_audio_effect_record.h">
      <Filter>Header Files\dsp</Filter>
    </ClInclude>
    <ClInclude Include="src\dsp\fmod_audio_effect_reverb.h">
      <Filter>Header Files\dsp</Filter>
    </ClInclude>
    <ClInclude Include="src\dsp\fmod_audio_effect_spectrum_analyzer.h">
      <Filter>Header Files\dsp</Filter>
    </ClInclude>
    <ClInclude Include="src\dsp\fmod_audio_effect_stereo_enhance.h">
      <Filter>Header Files\dsp</Filter>
    </ClInclude>
    <ClInclude Include="src\editor\fmod_audio_importer.h">
      <Filter>Header Files\editor</Filter>
    </ClInclude>
    <ClInclude Include="src\audio\fmod_audio_steam_flac.h">
      <Filter>Header Files\audio</Filter>
    </ClInclude>
    <ClInclude Include="src\editor\fmod_audio_preview_property.h">
      <Filter>Header Files\editor</Filter>
    </ClInclude>
    <ClInclude Include="src\editor\fmod_audio_preview_inspector.h">
      <Filter>Header Files\editor</Filter>
    </ClInclude>
    <ClInclude Include="src\audio\fmod_sound_lock.h">
      <Filter>Header Files\audio</Filter>
    </ClInclude>
    <ClInclude Include="src\playback\fmod_sound_group.h">
      <Filter>Header Files\playback</Filter>
    </ClInclude>
    <ClInclude Include="src\geometry\geometry.h">
      <Filter>Header Files\geometry</Filter>
    </ClInclude>
    <ClInclude Include="src\spatial\fmod_reverb_3d.h">
      <Filter>Header Files\spatial</Filter>
    </ClInclude>
  </ItemGroup>
  <ItemGroup>
    <ClCompile Include="src\core\fmod_server.cpp">
      <Filter>Source Files\core</Filter>
    </ClCompile>
    <ClCompile Include="src\core\fmod_system.cpp">
      <Filter>Source Files\core</Filter>
    </ClCompile>
    <ClCompile Include="src\audio\fmod_sound.cpp">
      <Filter>Source Files\audio</Filter>
    </ClCompile>
    <ClCompile Include="src\audio\fmod_audio_stream.cpp">
      <Filter>Source Files\audio</Filter>
    </ClCompile>
    <ClCompile Include="src\playback\fmod_channel.cpp">
      <Filter>Source Files\playback</Filter>
    </ClCompile>
    <ClCompile Include="src\playback\fmod_channel_group.cpp">
      <Filter>Source Files\playback</Filter>
    </ClCompile>
    <ClCompile Include="src\playback\fmod_channel_control.cpp">
      <Filter>Source Files\playback</Filter>
    </ClCompile>
    <ClCompile Include="src\mixer\fmod_audio_bus.cpp">
      <Filter>Source Files\mixer</Filter>
    </ClCompile>
    <ClCompile Include="src\mixer\fmod_audio_bus_layout.cpp">
      <Filter>Source Files\mixer</Filter>
    </ClCompile>
    <ClCompile Include="src\dsp\fmod_dsp.cpp">
      <Filter>Source Files\dsp</Filter>
    </ClCompile>
    <ClCompile Include="src\dsp\fmod_dsp_connection.cpp">
      <Filter>Source Files\dsp</Filter>
    </ClCompile>
    <ClCompile Include="src\dsp\fmod_audio_effect.cpp">
      <Filter>Source Files\dsp</Filter>
    </ClCompile>
    <ClCompile Include="src\dsp\fmod_audio_effect_distortion.cpp">
      <Filter>Source Files\dsp</Filter>
    </ClCompile>
    <ClCompile Include="src\nodes\fmod_audio_stream_player.cpp">
      <Filter>Source Files\nodes</Filter>
    </ClCompile>
    <ClCompile Include="src\nodes\fmod_audio_sample_emitter.cpp">
      <Filter>Source Files\nodes</Filter>
    </ClCompile>
    <ClCompile Include="src\core\register_types.cpp">
      <Filter>Source Files\core</Filter>
    </ClCompile>
    <ClCompile Include="src\dsp\fmod_audio_effect_amplify.cpp">
      <Filter>Source Files\dsp</Filter>
    </ClCompile>
    <ClCompile Include="src\dsp\fmod_audio_effect_filter.cpp">
      <Filter>Source Files\dsp</Filter>
    </ClCompile>
    <ClCompile Include="src\dsp\fmod_audio_effect_capture.cpp">
      <Filter>Source Files\dsp</Filter>
    </ClCompile>
    <ClCompile Include="src\dsp\fmod_audio_effect_chorus.cpp">
      <Filter>Source Files\dsp</Filter>
    </ClCompile>
    <ClCompile Include="src\dsp\fmod_audio_effect_compressor.cpp">
      <Filter>Source Files\dsp</Filter>
    </ClCompile>
    <ClCompile Include="src\dsp\fmod_audio_effect_delay.cpp">
      <Filter>Source Files\dsp</Filter>
    </ClCompile>
    <ClCompile Include="src\dsp\fmod_audio_effect_eq.cpp">
      <Filter>Source Files\dsp</Filter>
    </ClCompile>
    <ClCompile Include="src\dsp\fmod_audio_effect_hard_limiter.cpp">
      <Filter>Source Files\dsp</Filter>
    </ClCompile>
    <ClCompile Include="src\dsp\fmod_audio_effect_panner.cpp">
      <Filter>Source Files\dsp</Filter>
    </ClCompile>
    <ClCompile Include="src\dsp\fmod_audio_effect_phaser.cpp">
      <Filter>Source Files\dsp</Filter>
    </ClCompile>
    <ClCompile Include="src\dsp\fmod_audio_effect_pitch_shift.cpp">
      <Filter>Source Files\dsp</Filter>
    </ClCompile>
    <ClCompile Include="src\dsp\fmod_audio_effect_record.cpp">
      <Filter>Source Files\dsp</Filter>
    </ClCompile>
    <ClCompile Include="src\dsp\fmod_audio_effect_reverb.cpp">
      <Filter>Source Files\dsp</Filter>
    </ClCompile>
    <ClCompile Include="src\dsp\fmod_audio_effect_spectrum_analyzer.cpp">
      <Filter>Source Files\dsp</Filter>
    </ClCompile>
    <ClCompile Include="src\dsp\fmod_audio_effect_stereo_enhance.cpp">
      <Filter>Source Files\dsp</Filter>
    </ClCompile>
    <ClCompile Include="src\editor\fmod_audio_importer.cpp">
      <Filter>Source Files\editor</Filter>
    </ClCompile>
    <ClCompile Include="src\audio\fmod_audio_stream_flac.cpp">
      <Filter>Source Files\audio</Filter>
    </ClCompile>
    <ClCompile Include="src\editor\fmod_audio_preview_inspector.cpp">
      <Filter>Source Files\editor</Filter>
    </ClCompile>
    <ClCompile Include="src\editor\fmod_audio_preview_property.cpp">
      <Filter>Source Files\editor</Filter>
    </ClCompile>
    <ClCompile Include="src\audio\fmod_sound_lock.cpp">
      <Filter>Source Files\audio</Filter>
    </ClCompile>
    <ClCompile Include="src\playback\fmod_sound_group.cpp">
      <Filter>Source Files\playback</Filter>
    </ClCompile>
    <ClCompile Include="src\geometry\geometry.cpp">
      <Filter>Source Files\geometry</Filter>
    </ClCompile>
    <ClCompile Include="src\spatial\fmod_reverb_3d.cpp">
      <Filter>Source Files\spatial</Filter>
    </ClCompile>
  </ItemGroup>
</Project>